// !$*UTF8*$!
{
	archiveVersion = 1;
	classes = {
	};
	objectVersion = 46;
	objects = {

/* Begin PBXBuildFile section */
		4CDA4C5A1DAE139A0025E983 /* main.m in Sources */ = {isa = PBXBuildFile; fileRef = 4CDA4C591DAE139A0025E983 /* main.m */; };
		4CDA4C5D1DAE139B0025E983 /* AppDelegate.m in Sources */ = {isa = PBXBuildFile; fileRef = 4CDA4C5C1DAE139B0025E983 /* AppDelegate.m */; };
		4CDA4C601DAE139B0025E983 /* ViewController.m in Sources */ = {isa = PBXBuildFile; fileRef = 4CDA4C5F1DAE139B0025E983 /* ViewController.m */; };
		4CDA4C631DAE139C0025E983 /* Main.storyboard in Resources */ = {isa = PBXBuildFile; fileRef = 4CDA4C611DAE139C0025E983 /* Main.storyboard */; };
		4CDA4C651DAE139D0025E983 /* Assets.xcassets in Resources */ = {isa = PBXBuildFile; fileRef = 4CDA4C641DAE139D0025E983 /* Assets.xcassets */; };
		4CDA4C681DAE139D0025E983 /* LaunchScreen.storyboard in Resources */ = {isa = PBXBuildFile; fileRef = 4CDA4C661DAE139D0025E983 /* LaunchScreen.storyboard */; };
		4CDA4C731DAE139E0025E983 /* StretchTests.m in Sources */ = {isa = PBXBuildFile; fileRef = 4CDA4C721DAE139E0025E983 /* StretchTests.m */; };
		4CDA4C7E1DAE139E0025E983 /* StretchUITests.m in Sources */ = {isa = PBXBuildFile; fileRef = 4CDA4C7D1DAE139E0025E983 /* StretchUITests.m */; };
/* End PBXBuildFile section */

/* Begin PBXContainerItemProxy section */
		4CDA4C6F1DAE139E0025E983 /* PBXContainerItemProxy */ = {
			isa = PBXContainerItemProxy;
			containerPortal = 4CDA4C4D1DAE13990025E983 /* Project object */;
			proxyType = 1;
			remoteGlobalIDString = 4CDA4C541DAE139A0025E983;
			remoteInfo = Stretch;
		};
		4CDA4C7A1DAE139E0025E983 /* PBXContainerItemProxy */ = {
			isa = PBXContainerItemProxy;
			containerPortal = 4CDA4C4D1DAE13990025E983 /* Project object */;
			proxyType = 1;
			remoteGlobalIDString = 4CDA4C541DAE139A0025E983;
			remoteInfo = Stretch;
		};
/* End PBXContainerItemProxy section */

/* Begin PBXFileReference section */
		4CDA4C551DAE139A0025E983 /* Stretch.app */ = {isa = PBXFileReference; explicitFileType = wrapper.application; includeInIndex = 0; path = Stretch.app; sourceTree = BUILT_PRODUCTS_DIR; };
		4CDA4C591DAE139A0025E983 /* main.m */ = {isa = PBXFileReference; lastKnownFileType = sourcecode.c.objc; path = main.m; sourceTree = "<group>"; };
		4CDA4C5B1DAE139B0025E983 /* AppDelegate.h */ = {isa = PBXFileReference; lastKnownFileType = sourcecode.c.h; path = AppDelegate.h; sourceTree = "<group>"; };
		4CDA4C5C1DAE139B0025E983 /* AppDelegate.m */ = {isa = PBXFileReference; lastKnownFileType = sourcecode.c.objc; path = AppDelegate.m; sourceTree = "<group>"; };
		4CDA4C5E1DAE139B0025E983 /* ViewController.h */ = {isa = PBXFileReference; lastKnownFileType = sourcecode.c.h; path = ViewController.h; sourceTree = "<group>"; };
		4CDA4C5F1DAE139B0025E983 /* ViewController.m */ = {isa = PBXFileReference; lastKnownFileType = sourcecode.c.objc; path = ViewController.m; sourceTree = "<group>"; };
		4CDA4C621DAE139C0025E983 /* Base */ = {isa = PBXFileReference; lastKnownFileType = file.storyboard; name = Base; path = Base.lproj/Main.storyboard; sourceTree = "<group>"; };
		4CDA4C641DAE139D0025E983 /* Assets.xcassets */ = {isa = PBXFileReference; lastKnownFileType = folder.assetcatalog; path = Assets.xcassets; sourceTree = "<group>"; };
		4CDA4C671DAE139D0025E983 /* Base */ = {isa = PBXFileReference; lastKnownFileType = file.storyboard; name = Base; path = Base.lproj/LaunchScreen.storyboard; sourceTree = "<group>"; };
		4CDA4C691DAE139D0025E983 /* Info.plist */ = {isa = PBXFileReference; lastKnownFileType = text.plist.xml; path = Info.plist; sourceTree = "<group>"; };
		4CDA4C6E1DAE139E0025E983 /* StretchTests.xctest */ = {isa = PBXFileReference; explicitFileType = wrapper.cfbundle; includeInIndex = 0; path = StretchTests.xctest; sourceTree = BUILT_PRODUCTS_DIR; };
		4CDA4C721DAE139E0025E983 /* StretchTests.m */ = {isa = PBXFileReference; lastKnownFileType = sourcecode.c.objc; path = StretchTests.m; sourceTree = "<group>"; };
		4CDA4C741DAE139E0025E983 /* Info.plist */ = {isa = PBXFileReference; lastKnownFileType = text.plist.xml; path = Info.plist; sourceTree = "<group>"; };
		4CDA4C791DAE139E0025E983 /* StretchUITests.xctest */ = {isa = PBXFileReference; explicitFileType = wrapper.cfbundle; includeInIndex = 0; path = StretchUITests.xctest; sourceTree = BUILT_PRODUCTS_DIR; };
		4CDA4C7D1DAE139E0025E983 /* StretchUITests.m */ = {isa = PBXFileReference; lastKnownFileType = sourcecode.c.objc; path = StretchUITests.m; sourceTree = "<group>"; };
		4CDA4C7F1DAE139E0025E983 /* Info.plist */ = {isa = PBXFileReference; lastKnownFileType = text.plist.xml; path = Info.plist; sourceTree = "<group>"; };
/* End PBXFileReference section */

/* Begin PBXFrameworksBuildPhase section */
		4CDA4C521DAE139A0025E983 /* Frameworks */ = {
			isa = PBXFrameworksBuildPhase;
			buildActionMask = 2147483647;
			files = (
			);
			runOnlyForDeploymentPostprocessing = 0;
		};
		4CDA4C6B1DAE139E0025E983 /* Frameworks */ = {
			isa = PBXFrameworksBuildPhase;
			buildActionMask = 2147483647;
			files = (
			);
			runOnlyForDeploymentPostprocessing = 0;
		};
		4CDA4C761DAE139E0025E983 /* Frameworks */ = {
			isa = PBXFrameworksBuildPhase;
			buildActionMask = 2147483647;
			files = (
			);
			runOnlyForDeploymentPostprocessing = 0;
		};
/* End PBXFrameworksBuildPhase section */

/* Begin PBXGroup section */
		4CDA4C4C1DAE13990025E983 = {
			isa = PBXGroup;
			children = (
				4CDA4C571DAE139A0025E983 /* Stretch */,
				4CDA4C711DAE139E0025E983 /* StretchTests */,
				4CDA4C7C1DAE139E0025E983 /* StretchUITests */,
				4CDA4C561DAE139A0025E983 /* Products */,
			);
			sourceTree = "<group>";
		};
		4CDA4C561DAE139A0025E983 /* Products */ = {
			isa = PBXGroup;
			children = (
				4CDA4C551DAE139A0025E983 /* Stretch.app */,
				4CDA4C6E1DAE139E0025E983 /* StretchTests.xctest */,
				4CDA4C791DAE139E0025E983 /* StretchUITests.xctest */,
			);
			name = Products;
			sourceTree = "<group>";
		};
		4CDA4C571DAE139A0025E983 /* Stretch */ = {
			isa = PBXGroup;
			children = (
				4CDA4C5B1DAE139B0025E983 /* AppDelegate.h */,
				4CDA4C5C1DAE139B0025E983 /* AppDelegate.m */,
				4CDA4C5E1DAE139B0025E983 /* ViewController.h */,
				4CDA4C5F1DAE139B0025E983 /* ViewController.m */,
				4CDA4C611DAE139C0025E983 /* Main.storyboard */,
				4CDA4C641DAE139D0025E983 /* Assets.xcassets */,
				4CDA4C661DAE139D0025E983 /* LaunchScreen.storyboard */,
				4CDA4C691DAE139D0025E983 /* Info.plist */,
				4CDA4C581DAE139A0025E983 /* Supporting Files */,
			);
			path = Stretch;
			sourceTree = "<group>";
		};
		4CDA4C581DAE139A0025E983 /* Supporting Files */ = {
			isa = PBXGroup;
			children = (
				4CDA4C591DAE139A0025E983 /* main.m */,
			);
			name = "Supporting Files";
			sourceTree = "<group>";
		};
		4CDA4C711DAE139E0025E983 /* StretchTests */ = {
			isa = PBXGroup;
			children = (
				4CDA4C721DAE139E0025E983 /* StretchTests.m */,
				4CDA4C741DAE139E0025E983 /* Info.plist */,
			);
			path = StretchTests;
			sourceTree = "<group>";
		};
		4CDA4C7C1DAE139E0025E983 /* StretchUITests */ = {
			isa = PBXGroup;
			children = (
				4CDA4C7D1DAE139E0025E983 /* StretchUITests.m */,
				4CDA4C7F1DAE139E0025E983 /* Info.plist */,
			);
			path = StretchUITests;
			sourceTree = "<group>";
		};
/* End PBXGroup section */

/* Begin PBXNativeTarget section */
		4CDA4C541DAE139A0025E983 /* Stretch */ = {
			isa = PBXNativeTarget;
			buildConfigurationList = 4CDA4C821DAE139E0025E983 /* Build configuration list for PBXNativeTarget "Stretch" */;
			buildPhases = (
				4CDA4C511DAE139A0025E983 /* Sources */,
				4CDA4C521DAE139A0025E983 /* Frameworks */,
				4CDA4C531DAE139A0025E983 /* Resources */,
			);
			buildRules = (
			);
			dependencies = (
			);
			name = Stretch;
			productName = Stretch;
			productReference = 4CDA4C551DAE139A0025E983 /* Stretch.app */;
			productType = "com.apple.product-type.application";
		};
		4CDA4C6D1DAE139E0025E983 /* StretchTests */ = {
			isa = PBXNativeTarget;
			buildConfigurationList = 4CDA4C851DAE139E0025E983 /* Build configuration list for PBXNativeTarget "StretchTests" */;
			buildPhases = (
				4CDA4C6A1DAE139E0025E983 /* Sources */,
				4CDA4C6B1DAE139E0025E983 /* Frameworks */,
				4CDA4C6C1DAE139E0025E983 /* Resources */,
			);
			buildRules = (
			);
			dependencies = (
				4CDA4C701DAE139E0025E983 /* PBXTargetDependency */,
			);
			name = StretchTests;
			productName = StretchTests;
			productReference = 4CDA4C6E1DAE139E0025E983 /* StretchTests.xctest */;
			productType = "com.apple.product-type.bundle.unit-test";
		};
		4CDA4C781DAE139E0025E983 /* StretchUITests */ = {
			isa = PBXNativeTarget;
			buildConfigurationList = 4CDA4C881DAE139E0025E983 /* Build configuration list for PBXNativeTarget "StretchUITests" */;
			buildPhases = (
				4CDA4C751DAE139E0025E983 /* Sources */,
				4CDA4C761DAE139E0025E983 /* Frameworks */,
				4CDA4C771DAE139E0025E983 /* Resources */,
			);
			buildRules = (
			);
			dependencies = (
				4CDA4C7B1DAE139E0025E983 /* PBXTargetDependency */,
			);
			name = StretchUITests;
			productName = StretchUITests;
			productReference = 4CDA4C791DAE139E0025E983 /* StretchUITests.xctest */;
			productType = "com.apple.product-type.bundle.ui-testing";
		};
/* End PBXNativeTarget section */

/* Begin PBXProject section */
		4CDA4C4D1DAE13990025E983 /* Project object */ = {
			isa = PBXProject;
			attributes = {
				LastUpgradeCheck = 0800;
				ORGANIZATIONNAME = mukr;
				TargetAttributes = {
					4CDA4C541DAE139A0025E983 = {
						CreatedOnToolsVersion = 8.0;
						ProvisioningStyle = Automatic;
					};
					4CDA4C6D1DAE139E0025E983 = {
						CreatedOnToolsVersion = 8.0;
						ProvisioningStyle = Automatic;
						TestTargetID = 4CDA4C541DAE139A0025E983;
					};
					4CDA4C781DAE139E0025E983 = {
						CreatedOnToolsVersion = 8.0;
						ProvisioningStyle = Automatic;
						TestTargetID = 4CDA4C541DAE139A0025E983;
					};
				};
			};
			buildConfigurationList = 4CDA4C501DAE13990025E983 /* Build configuration list for PBXProject "Stretch" */;
			compatibilityVersion = "Xcode 3.2";
			developmentRegion = English;
			hasScannedForEncodings = 0;
			knownRegions = (
				en,
				Base,
			);
			mainGroup = 4CDA4C4C1DAE13990025E983;
			productRefGroup = 4CDA4C561DAE139A0025E983 /* Products */;
			projectDirPath = "";
			projectRoot = "";
			targets = (
				4CDA4C541DAE139A0025E983 /* Stretch */,
				4CDA4C6D1DAE139E0025E983 /* StretchTests */,
				4CDA4C781DAE139E0025E983 /* StretchUITests */,
			);
		};
/* End PBXProject section */

/* Begin PBXResourcesBuildPhase section */
		4CDA4C531DAE139A0025E983 /* Resources */ = {
			isa = PBXResourcesBuildPhase;
			buildActionMask = 2147483647;
			files = (
				4CDA4C681DAE139D0025E983 /* LaunchScreen.storyboard in Resources */,
				4CDA4C651DAE139D0025E983 /* Assets.xcassets in Resources */,
				4CDA4C631DAE139C0025E983 /* Main.storyboard in Resources */,
			);
			runOnlyForDeploymentPostprocessing = 0;
		};
		4CDA4C6C1DAE139E0025E983 /* Resources */ = {
			isa = PBXResourcesBuildPhase;
			buildActionMask = 2147483647;
			files = (
			);
			runOnlyForDeploymentPostprocessing = 0;
		};
		4CDA4C771DAE139E0025E983 /* Resources */ = {
			isa = PBXResourcesBuildPhase;
			buildActionMask = 2147483647;
			files = (
			);
			runOnlyForDeploymentPostprocessing = 0;
		};
/* End PBXResourcesBuildPhase section */

/* Begin PBXSourcesBuildPhase section */
		4CDA4C511DAE139A0025E983 /* Sources */ = {
			isa = PBXSourcesBuildPhase;
			buildActionMask = 2147483647;
			files = (
				4CDA4C601DAE139B0025E983 /* ViewController.m in Sources */,
				4CDA4C5D1DAE139B0025E983 /* AppDelegate.m in Sources */,
				4CDA4C5A1DAE139A0025E983 /* main.m in Sources */,
			);
			runOnlyForDeploymentPostprocessing = 0;
		};
		4CDA4C6A1DAE139E0025E983 /* Sources */ = {
			isa = PBXSourcesBuildPhase;
			buildActionMask = 2147483647;
			files = (
				4CDA4C731DAE139E0025E983 /* StretchTests.m in Sources */,
			);
			runOnlyForDeploymentPostprocessing = 0;
		};
		4CDA4C751DAE139E0025E983 /* Sources */ = {
			isa = PBXSourcesBuildPhase;
			buildActionMask = 2147483647;
			files = (
				4CDA4C7E1DAE139E0025E983 /* StretchUITests.m in Sources */,
			);
			runOnlyForDeploymentPostprocessing = 0;
		};
/* End PBXSourcesBuildPhase section */

/* Begin PBXTargetDependency section */
		4CDA4C701DAE139E0025E983 /* PBXTargetDependency */ = {
			isa = PBXTargetDependency;
			target = 4CDA4C541DAE139A0025E983 /* Stretch */;
			targetProxy = 4CDA4C6F1DAE139E0025E983 /* PBXContainerItemProxy */;
		};
		4CDA4C7B1DAE139E0025E983 /* PBXTargetDependency */ = {
			isa = PBXTargetDependency;
			target = 4CDA4C541DAE139A0025E983 /* Stretch */;
			targetProxy = 4CDA4C7A1DAE139E0025E983 /* PBXContainerItemProxy */;
		};
/* End PBXTargetDependency section */

/* Begin PBXVariantGroup section */
		4CDA4C611DAE139C0025E983 /* Main.storyboard */ = {
			isa = PBXVariantGroup;
			children = (
				4CDA4C621DAE139C0025E983 /* Base */,
			);
			name = Main.storyboard;
			sourceTree = "<group>";
		};
		4CDA4C661DAE139D0025E983 /* LaunchScreen.storyboard */ = {
			isa = PBXVariantGroup;
			children = (
				4CDA4C671DAE139D0025E983 /* Base */,
			);
			name = LaunchScreen.storyboard;
			sourceTree = "<group>";
		};
/* End PBXVariantGroup section */

/* Begin XCBuildConfiguration section */
		4CDA4C801DAE139E0025E983 /* Debug */ = {
			isa = XCBuildConfiguration;
			buildSettings = {
				ALWAYS_SEARCH_USER_PATHS = NO;
				CLANG_ANALYZER_NONNULL = YES;
				CLANG_CXX_LANGUAGE_STANDARD = "gnu++0x";
				CLANG_CXX_LIBRARY = "libc++";
				CLANG_ENABLE_MODULES = YES;
				CLANG_ENABLE_OBJC_ARC = YES;
				CLANG_WARN_BOOL_CONVERSION = YES;
				CLANG_WARN_CONSTANT_CONVERSION = YES;
				CLANG_WARN_DIRECT_OBJC_ISA_USAGE = YES_ERROR;
				CLANG_WARN_DOCUMENTATION_COMMENTS = YES;
				CLANG_WARN_EMPTY_BODY = YES;
				CLANG_WARN_ENUM_CONVERSION = YES;
				CLANG_WARN_INFINITE_RECURSION = YES;
				CLANG_WARN_INT_CONVERSION = YES;
				CLANG_WARN_OBJC_ROOT_CLASS = YES_ERROR;
				CLANG_WARN_SUSPICIOUS_MOVES = YES;
				CLANG_WARN_UNREACHABLE_CODE = YES;
				CLANG_WARN__DUPLICATE_METHOD_MATCH = YES;
				"CODE_SIGN_IDENTITY[sdk=iphoneos*]" = "iPhone Developer";
				COPY_PHASE_STRIP = NO;
				DEBUG_INFORMATION_FORMAT = dwarf;
				ENABLE_STRICT_OBJC_MSGSEND = YES;
				ENABLE_TESTABILITY = YES;
				GCC_C_LANGUAGE_STANDARD = gnu99;
				GCC_DYNAMIC_NO_PIC = NO;
				GCC_NO_COMMON_BLOCKS = YES;
				GCC_OPTIMIZATION_LEVEL = 0;
				GCC_PREPROCESSOR_DEFINITIONS = (
					"DEBUG=1",
					"$(inherited)",
				);
				GCC_WARN_64_TO_32_BIT_CONVERSION = YES;
				GCC_WARN_ABOUT_RETURN_TYPE = YES_ERROR;
				GCC_WARN_UNDECLARED_SELECTOR = YES;
				GCC_WARN_UNINITIALIZED_AUTOS = YES_AGGRESSIVE;
				GCC_WARN_UNUSED_FUNCTION = YES;
				GCC_WARN_UNUSED_VARIABLE = YES;
				IPHONEOS_DEPLOYMENT_TARGET = 10.0;
				MTL_ENABLE_DEBUG_INFO = YES;
				ONLY_ACTIVE_ARCH = YES;
				SDKROOT = iphoneos;
			};
			name = Debug;
		};
		4CDA4C811DAE139E0025E983 /* Release */ = {
			isa = XCBuildConfiguration;
			buildSettings = {
				ALWAYS_SEARCH_USER_PATHS = NO;
				CLANG_ANALYZER_NONNULL = YES;
				CLANG_CXX_LANGUAGE_STANDARD = "gnu++0x";
				CLANG_CXX_LIBRARY = "libc++";
				CLANG_ENABLE_MODULES = YES;
				CLANG_ENABLE_OBJC_ARC = YES;
				CLANG_WARN_BOOL_CONVERSION = YES;
				CLANG_WARN_CONSTANT_CONVERSION = YES;
				CLANG_WARN_DIRECT_OBJC_ISA_USAGE = YES_ERROR;
				CLANG_WARN_DOCUMENTATION_COMMENTS = YES;
				CLANG_WARN_EMPTY_BODY = YES;
				CLANG_WARN_ENUM_CONVERSION = YES;
				CLANG_WARN_INFINITE_RECURSION = YES;
				CLANG_WARN_INT_CONVERSION = YES;
				CLANG_WARN_OBJC_ROOT_CLASS = YES_ERROR;
				CLANG_WARN_SUSPICIOUS_MOVES = YES;
				CLANG_WARN_UNREACHABLE_CODE = YES;
				CLANG_WARN__DUPLICATE_METHOD_MATCH = YES;
				"CODE_SIGN_IDENTITY[sdk=iphoneos*]" = "iPhone Developer";
				COPY_PHASE_STRIP = NO;
				DEBUG_INFORMATION_FORMAT = "dwarf-with-dsym";
				ENABLE_NS_ASSERTIONS = NO;
				ENABLE_STRICT_OBJC_MSGSEND = YES;
				GCC_C_LANGUAGE_STANDARD = gnu99;
				GCC_NO_COMMON_BLOCKS = YES;
				GCC_WARN_64_TO_32_BIT_CONVERSION = YES;
				GCC_WARN_ABOUT_RETURN_TYPE = YES_ERROR;
				GCC_WARN_UNDECLARED_SELECTOR = YES;
				GCC_WARN_UNINITIALIZED_AUTOS = YES_AGGRESSIVE;
				GCC_WARN_UNUSED_FUNCTION = YES;
				GCC_WARN_UNUSED_VARIABLE = YES;
				IPHONEOS_DEPLOYMENT_TARGET = 10.0;
				MTL_ENABLE_DEBUG_INFO = NO;
				SDKROOT = iphoneos;
				VALIDATE_PRODUCT = YES;
			};
			name = Release;
		};
		4CDA4C831DAE139E0025E983 /* Debug */ = {
			isa = XCBuildConfiguration;
			buildSettings = {
				ASSETCATALOG_COMPILER_APPICON_NAME = AppIcon;
				DEVELOPMENT_TEAM = "";
				INFOPLIST_FILE = Stretch/Info.plist;
				LD_RUNPATH_SEARCH_PATHS = "$(inherited) @executable_path/Frameworks";
				PRODUCT_BUNDLE_IDENTIFIER = com.weicaoshou.Stretch;
				PRODUCT_NAME = "$(TARGET_NAME)";
			};
			name = Debug;
		};
		4CDA4C841DAE139E0025E983 /* Release */ = {
			isa = XCBuildConfiguration;
			buildSettings = {
				ASSETCATALOG_COMPILER_APPICON_NAME = AppIcon;
				DEVELOPMENT_TEAM = "";
				INFOPLIST_FILE = Stretch/Info.plist;
				LD_RUNPATH_SEARCH_PATHS = "$(inherited) @executable_path/Frameworks";
				PRODUCT_BUNDLE_IDENTIFIER = com.weicaoshou.Stretch;
				PRODUCT_NAME = "$(TARGET_NAME)";
			};
			name = Release;
		};
		4CDA4C861DAE139E0025E983 /* Debug */ = {
			isa = XCBuildConfiguration;
			buildSettings = {
				BUNDLE_LOADER = "$(TEST_HOST)";
				INFOPLIST_FILE = StretchTests/Info.plist;
				LD_RUNPATH_SEARCH_PATHS = "$(inherited) @executable_path/Frameworks @loader_path/Frameworks";
				PRODUCT_BUNDLE_IDENTIFIER = com.weicaoshou.StretchTests;
				PRODUCT_NAME = "$(TARGET_NAME)";
				TEST_HOST = "$(BUILT_PRODUCTS_DIR)/Stretch.app/Stretch";
			};
			name = Debug;
		};
		4CDA4C871DAE139E0025E983 /* Release */ = {
			isa = XCBuildConfiguration;
			buildSettings = {
				BUNDLE_LOADER = "$(TEST_HOST)";
				INFOPLIST_FILE = StretchTests/Info.plist;
				LD_RUNPATH_SEARCH_PATHS = "$(inherited) @executable_path/Frameworks @loader_path/Frameworks";
				PRODUCT_BUNDLE_IDENTIFIER = com.weicaoshou.StretchTests;
				PRODUCT_NAME = "$(TARGET_NAME)";
				TEST_HOST = "$(BUILT_PRODUCTS_DIR)/Stretch.app/Stretch";
			};
			name = Release;
		};
		4CDA4C891DAE139E0025E983 /* Debug */ = {
			isa = XCBuildConfiguration;
			buildSettings = {
				INFOPLIST_FILE = StretchUITests/Info.plist;
				LD_RUNPATH_SEARCH_PATHS = "$(inherited) @executable_path/Frameworks @loader_path/Frameworks";
				PRODUCT_BUNDLE_IDENTIFIER = com.weicaoshou.StretchUITests;
				PRODUCT_NAME = "$(TARGET_NAME)";
				TEST_TARGET_NAME = Stretch;
			};
			name = Debug;
		};
		4CDA4C8A1DAE139E0025E983 /* Release */ = {
			isa = XCBuildConfiguration;
			buildSettings = {
				INFOPLIST_FILE = StretchUITests/Info.plist;
				LD_RUNPATH_SEARCH_PATHS = "$(inherited) @executable_path/Frameworks @loader_path/Frameworks";
				PRODUCT_BUNDLE_IDENTIFIER = com.weicaoshou.StretchUITests;
				PRODUCT_NAME = "$(TARGET_NAME)";
				TEST_TARGET_NAME = Stretch;
			};
			name = Release;
		};
/* End XCBuildConfiguration section */

/* Begin XCConfigurationList section */
		4CDA4C501DAE13990025E983 /* Build configuration list for PBXProject "Stretch" */ = {
			isa = XCConfigurationList;
			buildConfigurations = (
				4CDA4C801DAE139E0025E983 /* Debug */,
				4CDA4C811DAE139E0025E983 /* Release */,
			);
			defaultConfigurationIsVisible = 0;
			defaultConfigurationName = Release;
		};
		4CDA4C821DAE139E0025E983 /* Build configuration list for PBXNativeTarget "Stretch" */ = {
			isa = XCConfigurationList;
			buildConfigurations = (
				4CDA4C831DAE139E0025E983 /* Debug */,
				4CDA4C841DAE139E0025E983 /* Release */,
			);
			defaultConfigurationIsVisible = 0;
		};
		4CDA4C851DAE139E0025E983 /* Build configuration list for PBXNativeTarget "StretchTests" */ = {
			isa = XCConfigurationList;
			buildConfigurations = (
				4CDA4C861DAE139E0025E983 /* Debug */,
				4CDA4C871DAE139E0025E983 /* Release */,
			);
			defaultConfigurationIsVisible = 0;
		};
		4CDA4C881DAE139E0025E983 /* Build configuration list for PBXNativeTarget "StretchUITests" */ = {
			isa = XCConfigurationList;
			buildConfigurations = (
				4CDA4C891DAE139E0025E983 /* Debug */,
				4CDA4C8A1DAE139E0025E983 /* Release */,
			);
			defaultConfigurationIsVisible = 0;
		};
/* End XCConfigurationList section */
	};
	rootObject = 4CDA4C4D1DAE13990025E983 /* Project object */;
}
